// !$*UTF8*$!
{
	archiveVersion = 1;
	classes = {
	};
	objectVersion = 46;
	objects = {

/* Begin PBXBuildFile section */
		4DB0D98E1AFC176500F6344D /* AppDelegate.swift in Sources */ = {isa = PBXBuildFile; fileRef = 4DB0D98D1AFC176500F6344D /* AppDelegate.swift */; };
		4DB0D9901AFC176500F6344D /* ViewController.swift in Sources */ = {isa = PBXBuildFile; fileRef = 4DB0D98F1AFC176500F6344D /* ViewController.swift */; };
		4DB0D9931AFC176500F6344D /* Main.storyboard in Resources */ = {isa = PBXBuildFile; fileRef = 4DB0D9911AFC176500F6344D /* Main.storyboard */; };
		4DB0D9951AFC176500F6344D /* Images.xcassets in Resources */ = {isa = PBXBuildFile; fileRef = 4DB0D9941AFC176500F6344D /* Images.xcassets */; };
		4DB0D9981AFC176500F6344D /* LaunchScreen.xib in Resources */ = {isa = PBXBuildFile; fileRef = 4DB0D9961AFC176500F6344D /* LaunchScreen.xib */; };
		4DB0D9A41AFC176600F6344D /* TaitaTests.swift in Sources */ = {isa = PBXBuildFile; fileRef = 4DB0D9A31AFC176600F6344D /* TaitaTests.swift */; };
/* End PBXBuildFile section */

/* Begin PBXContainerItemProxy section */
		4DB0D99E1AFC176600F6344D /* PBXContainerItemProxy */ = {
			isa = PBXContainerItemProxy;
			containerPortal = 4DB0D9801AFC176300F6344D /* Project object */;
			proxyType = 1;
			remoteGlobalIDString = 4DB0D9871AFC176400F6344D;
			remoteInfo = Taita;
		};
/* End PBXContainerItemProxy section */

/* Begin PBXFileReference section */
		4DB0D9881AFC176500F6344D /* Taita.app */ = {isa = PBXFileReference; explicitFileType = wrapper.application; includeInIndex = 0; path = Taita.app; sourceTree = BUILT_PRODUCTS_DIR; };
		4DB0D98C1AFC176500F6344D /* Info.plist */ = {isa = PBXFileReference; lastKnownFileType = text.plist.xml; path = Info.plist; sourceTree = "<group>"; };
		4DB0D98D1AFC176500F6344D /* AppDelegate.swift */ = {isa = PBXFileReference; lastKnownFileType = sourcecode.swift; path = AppDelegate.swift; sourceTree = "<group>"; };
		4DB0D98F1AFC176500F6344D /* ViewController.swift */ = {isa = PBXFileReference; lastKnownFileType = sourcecode.swift; path = ViewController.swift; sourceTree = "<group>"; };
		4DB0D9921AFC176500F6344D /* Base */ = {isa = PBXFileReference; lastKnownFileType = file.storyboard; name = Base; path = Base.lproj/Main.storyboard; sourceTree = "<group>"; };
		4DB0D9941AFC176500F6344D /* Images.xcassets */ = {isa = PBXFileReference; lastKnownFileType = folder.assetcatalog; path = Images.xcassets; sourceTree = "<group>"; };
		4DB0D9971AFC176500F6344D /* Base */ = {isa = PBXFileReference; lastKnownFileType = file.xib; name = Base; path = Base.lproj/LaunchScreen.xib; sourceTree = "<group>"; };
		4DB0D99D1AFC176600F6344D /* TaitaTests.xctest */ = {isa = PBXFileReference; explicitFileType = wrapper.cfbundle; includeInIndex = 0; path = TaitaTests.xctest; sourceTree = BUILT_PRODUCTS_DIR; };
		4DB0D9A21AFC176600F6344D /* Info.plist */ = {isa = PBXFileReference; lastKnownFileType = text.plist.xml; path = Info.plist; sourceTree = "<group>"; };
		4DB0D9A31AFC176600F6344D /* TaitaTests.swift */ = {isa = PBXFileReference; lastKnownFileType = sourcecode.swift; path = TaitaTests.swift; sourceTree = "<group>"; };
/* End PBXFileReference section */

/* Begin PBXFrameworksBuildPhase section */
		4DB0D9851AFC176400F6344D /* Frameworks */ = {
			isa = PBXFrameworksBuildPhase;
			buildActionMask = 2147483647;
			files = (
			);
			runOnlyForDeploymentPostprocessing = 0;
		};
		4DB0D99A1AFC176600F6344D /* Frameworks */ = {
			isa = PBXFrameworksBuildPhase;
			buildActionMask = 2147483647;
			files = (
			);
			runOnlyForDeploymentPostprocessing = 0;
		};
/* End PBXFrameworksBuildPhase section */

/* Begin PBXGroup section */
		4DB0D97F1AFC176300F6344D = {
			isa = PBXGroup;
			children = (
				4DB0D98A1AFC176500F6344D /* Taita */,
				4DB0D9A01AFC176600F6344D /* TaitaTests */,
				4DB0D9891AFC176500F6344D /* Products */,
			);
			sourceTree = "<group>";
		};
		4DB0D9891AFC176500F6344D /* Products */ = {
			isa = PBXGroup;
			children = (
				4DB0D9881AFC176500F6344D /* Taita.app */,
				4DB0D99D1AFC176600F6344D /* TaitaTests.xctest */,
			);
			name = Products;
			sourceTree = "<group>";
		};
		4DB0D98A1AFC176500F6344D /* Taita */ = {
			isa = PBXGroup;
			children = (
				4DB0D98D1AFC176500F6344D /* AppDelegate.swift */,
				4DB0D98F1AFC176500F6344D /* ViewController.swift */,
				4DB0D9911AFC176500F6344D /* Main.storyboard */,
				4DB0D9941AFC176500F6344D /* Images.xcassets */,
				4DB0D9961AFC176500F6344D /* LaunchScreen.xib */,
				4DB0D98B1AFC176500F6344D /* Supporting Files */,
			);
			path = Taita;
			sourceTree = "<group>";
		};
		4DB0D98B1AFC176500F6344D /* Supporting Files */ = {
			isa = PBXGroup;
			children = (
				4DB0D98C1AFC176500F6344D /* Info.plist */,
			);
			name = "Supporting Files";
			sourceTree = "<group>";
		};
		4DB0D9A01AFC176600F6344D /* TaitaTests */ = {
			isa = PBXGroup;
			children = (
				4DB0D9A31AFC176600F6344D /* TaitaTests.swift */,
				4DB0D9A11AFC176600F6344D /* Supporting Files */,
			);
			path = TaitaTests;
			sourceTree = "<group>";
		};
		4DB0D9A11AFC176600F6344D /* Supporting Files */ = {
			isa = PBXGroup;
			children = (
				4DB0D9A21AFC176600F6344D /* Info.plist */,
			);
			name = "Supporting Files";
			sourceTree = "<group>";
		};
/* End PBXGroup section */

/* Begin PBXNativeTarget section */
		4DB0D9871AFC176400F6344D /* Taita */ = {
			isa = PBXNativeTarget;
			buildConfigurationList = 4DB0D9A71AFC176600F6344D /* Build configuration list for PBXNativeTarget "Taita" */;
			buildPhases = (
				4DB0D9841AFC176400F6344D /* Sources */,
				4DB0D9851AFC176400F6344D /* Frameworks */,
				4DB0D9861AFC176400F6344D /* Resources */,
			);
			buildRules = (
			);
			dependencies = (
			);
			name = Taita;
			productName = Taita;
			productReference = 4DB0D9881AFC176500F6344D /* Taita.app */;
			productType = "com.apple.product-type.application";
		};
		4DB0D99C1AFC176600F6344D /* TaitaTests */ = {
			isa = PBXNativeTarget;
			buildConfigurationList = 4DB0D9AA1AFC176600F6344D /* Build configuration list for PBXNativeTarget "TaitaTests" */;
			buildPhases = (
				4DB0D9991AFC176600F6344D /* Sources */,
				4DB0D99A1AFC176600F6344D /* Frameworks */,
				4DB0D99B1AFC176600F6344D /* Resources */,
			);
			buildRules = (
			);
			dependencies = (
				4DB0D99F1AFC176600F6344D /* PBXTargetDependency */,
			);
			name = TaitaTests;
			productName = TaitaTests;
			productReference = 4DB0D99D1AFC176600F6344D /* TaitaTests.xctest */;
			productType = "com.apple.product-type.bundle.unit-test";
		};
/* End PBXNativeTarget section */

/* Begin PBXProject section */
		4DB0D9801AFC176300F6344D /* Project object */ = {
			isa = PBXProject;
			attributes = {
				LastUpgradeCheck = 0630;
				ORGANIZATIONNAME = "Catania Tech";
				TargetAttributes = {
					4DB0D9871AFC176400F6344D = {
						CreatedOnToolsVersion = 6.3.1;
					};
					4DB0D99C1AFC176600F6344D = {
						CreatedOnToolsVersion = 6.3.1;
						TestTargetID = 4DB0D9871AFC176400F6344D;
					};
				};
			};
			buildConfigurationList = 4DB0D9831AFC176400F6344D /* Build configuration list for PBXProject "Taita" */;
			compatibilityVersion = "Xcode 3.2";
			developmentRegion = English;
			hasScannedForEncodings = 0;
			knownRegions = (
				en,
				Base,
			);
			mainGroup = 4DB0D97F1AFC176300F6344D;
			productRefGroup = 4DB0D9891AFC176500F6344D /* Products */;
			projectDirPath = "";
			projectRoot = "";
			targets = (
				4DB0D9871AFC176400F6344D /* Taita */,
				4DB0D99C1AFC176600F6344D /* TaitaTests */,
			);
		};
/* End PBXProject section */

/* Begin PBXResourcesBuildPhase section */
		4DB0D9861AFC176400F6344D /* Resources */ = {
			isa = PBXResourcesBuildPhase;
			buildActionMask = 2147483647;
			files = (
				4DB0D9931AFC176500F6344D /* Main.storyboard in Resources */,
				4DB0D9981AFC176500F6344D /* LaunchScreen.xib in Resources */,
				4DB0D9951AFC176500F6344D /* Images.xcassets in Resources */,
			);
			runOnlyForDeploymentPostprocessing = 0;
		};
		4DB0D99B1AFC176600F6344D /* Resources */ = {
			isa = PBXResourcesBuildPhase;
			buildActionMask = 2147483647;
			files = (
			);
			runOnlyForDeploymentPostprocessing = 0;
		};
/* End PBXResourcesBuildPhase section */

/* Begin PBXSourcesBuildPhase section */
		4DB0D9841AFC176400F6344D /* Sources */ = {
			isa = PBXSourcesBuildPhase;
			buildActionMask = 2147483647;
			files = (
				4DB0D9901AFC176500F6344D /* ViewController.swift in Sources */,
				4DB0D98E1AFC176500F6344D /* AppDelegate.swift in Sources */,
			);
			runOnlyForDeploymentPostprocessing = 0;
		};
		4DB0D9991AFC176600F6344D /* Sources */ = {
			isa = PBXSourcesBuildPhase;
			buildActionMask = 2147483647;
			files = (
				4DB0D9A41AFC176600F6344D /* TaitaTests.swift in Sources */,
			);
			runOnlyForDeploymentPostprocessing = 0;
		};
/* End PBXSourcesBuildPhase section */

/* Begin PBXTargetDependency section */
		4DB0D99F1AFC176600F6344D /* PBXTargetDependency */ = {
			isa = PBXTargetDependency;
			target = 4DB0D9871AFC176400F6344D /* Taita */;
			targetProxy = 4DB0D99E1AFC176600F6344D /* PBXContainerItemProxy */;
		};
/* End PBXTargetDependency section */

/* Begin PBXVariantGroup section */
		4DB0D9911AFC176500F6344D /* Main.storyboard */ = {
			isa = PBXVariantGroup;
			children = (
				4DB0D9921AFC176500F6344D /* Base */,
			);
			name = Main.storyboard;
			sourceTree = "<group>";
		};
		4DB0D9961AFC176500F6344D /* LaunchScreen.xib */ = {
			isa = PBXVariantGroup;
			children = (
				4DB0D9971AFC176500F6344D /* Base */,
			);
			name = LaunchScreen.xib;
			sourceTree = "<group>";
		};
/* End PBXVariantGroup section */

/* Begin XCBuildConfiguration section */
		4DB0D9A51AFC176600F6344D /* Debug */ = {
			isa = XCBuildConfiguration;
			buildSettings = {
				ALWAYS_SEARCH_USER_PATHS = NO;
				CLANG_CXX_LANGUAGE_STANDARD = "gnu++0x";
				CLANG_CXX_LIBRARY = "libc++";
				CLANG_ENABLE_MODULES = YES;
				CLANG_ENABLE_OBJC_ARC = YES;
				CLANG_WARN_BOOL_CONVERSION = YES;
				CLANG_WARN_CONSTANT_CONVERSION = YES;
				CLANG_WARN_DIRECT_OBJC_ISA_USAGE = YES_ERROR;
				CLANG_WARN_EMPTY_BODY = YES;
				CLANG_WARN_ENUM_CONVERSION = YES;
				CLANG_WARN_INT_CONVERSION = YES;
				CLANG_WARN_OBJC_ROOT_CLASS = YES_ERROR;
				CLANG_WARN_UNREACHABLE_CODE = YES;
				CLANG_WARN__DUPLICATE_METHOD_MATCH = YES;
				"CODE_SIGN_IDENTITY[sdk=iphoneos*]" = "iPhone Developer";
				COPY_PHASE_STRIP = NO;
				DEBUG_INFORMATION_FORMAT = "dwarf-with-dsym";
				ENABLE_STRICT_OBJC_MSGSEND = YES;
				GCC_C_LANGUAGE_STANDARD = gnu99;
				GCC_DYNAMIC_NO_PIC = NO;
				GCC_NO_COMMON_BLOCKS = YES;
				GCC_OPTIMIZATION_LEVEL = 0;
				GCC_PREPROCESSOR_DEFINITIONS = (
					"DEBUG=1",
					"$(inherited)",
				);
				GCC_SYMBOLS_PRIVATE_EXTERN = NO;
				GCC_WARN_64_TO_32_BIT_CONVERSION = YES;
				GCC_WARN_ABOUT_RETURN_TYPE = YES_ERROR;
				GCC_WARN_UNDECLARED_SELECTOR = YES;
				GCC_WARN_UNINITIALIZED_AUTOS = YES_AGGRESSIVE;
				GCC_WARN_UNUSED_FUNCTION = YES;
				GCC_WARN_UNUSED_VARIABLE = YES;
				IPHONEOS_DEPLOYMENT_TARGET = 8.3;
				MTL_ENABLE_DEBUG_INFO = YES;
				ONLY_ACTIVE_ARCH = YES;
				SDKROOT = iphoneos;
				SWIFT_OPTIMIZATION_LEVEL = "-Onone";
				TARGETED_DEVICE_FAMILY = 2;
			};
			name = Debug;
		};
		4DB0D9A61AFC176600F6344D /* Release */ = {
			isa = XCBuildConfiguration;
			buildSettings = {
				ALWAYS_SEARCH_USER_PATHS = NO;
				CLANG_CXX_LANGUAGE_STANDARD = "gnu++0x";
				CLANG_CXX_LIBRARY = "libc++";
				CLANG_ENABLE_MODULES = YES;
				CLANG_ENABLE_OBJC_ARC = YES;
				CLANG_WARN_BOOL_CONVERSION = YES;
				CLANG_WARN_CONSTANT_CONVERSION = YES;
				CLANG_WARN_DIRECT_OBJC_ISA_USAGE = YES_ERROR;
				CLANG_WARN_EMPTY_BODY = YES;
				CLANG_WARN_ENUM_CONVERSION = YES;
				CLANG_WARN_INT_CONVERSION = YES;
				CLANG_WARN_OBJC_ROOT_CLASS = YES_ERROR;
				CLANG_WARN_UNREACHABLE_CODE = YES;
				CLANG_WARN__DUPLICATE_METHOD_MATCH = YES;
				"CODE_SIGN_IDENTITY[sdk=iphoneos*]" = "iPhone Developer";
				COPY_PHASE_STRIP = NO;
				DEBUG_INFORMATION_FORMAT = "dwarf-with-dsym";
				ENABLE_NS_ASSERTIONS = NO;
				ENABLE_STRICT_OBJC_MSGSEND = YES;
				GCC_C_LANGUAGE_STANDARD = gnu99;
				GCC_NO_COMMON_BLOCKS = YES;
				GCC_WARN_64_TO_32_BIT_CONVERSION = YES;
				GCC_WARN_ABOUT_RETURN_TYPE = YES_ERROR;
				GCC_WARN_UNDECLARED_SELECTOR = YES;
				GCC_WARN_UNINITIALIZED_AUTOS = YES_AGGRESSIVE;
				GCC_WARN_UNUSED_FUNCTION = YES;
				GCC_WARN_UNUSED_VARIABLE = YES;
				IPHONEOS_DEPLOYMENT_TARGET = 8.3;
				MTL_ENABLE_DEBUG_INFO = NO;
				SDKROOT = iphoneos;
				TARGETED_DEVICE_FAMILY = 2;
				VALIDATE_PRODUCT = YES;
			};
			name = Release;
		};
		4DB0D9A81AFC176600F6344D /* Debug */ = {
			isa = XCBuildConfiguration;
			buildSettings = {
				ASSETCATALOG_COMPILER_APPICON_NAME = AppIcon;
				INFOPLIST_FILE = Taita/Info.plist;
				LD_RUNPATH_SEARCH_PATHS = "$(inherited) @executable_path/Frameworks";
				PRODUCT_NAME = "$(TARGET_NAME)";
			};
			name = Debug;
		};
		4DB0D9A91AFC176600F6344D /* Release */ = {
			isa = XCBuildConfiguration;
			buildSettings = {
				ASSETCATALOG_COMPILER_APPICON_NAME = AppIcon;
				INFOPLIST_FILE = Taita/Info.plist;
				LD_RUNPATH_SEARCH_PATHS = "$(inherited) @executable_path/Frameworks";
				PRODUCT_NAME = "$(TARGET_NAME)";
			};
			name = Release;
		};
		4DB0D9AB1AFC176600F6344D /* Debug */ = {
			isa = XCBuildConfiguration;
			buildSettings = {
				BUNDLE_LOADER = "$(TEST_HOST)";
				FRAMEWORK_SEARCH_PATHS = (
					"$(SDKROOT)/Developer/Library/Frameworks",
					"$(inherited)",
				);
				GCC_PREPROCESSOR_DEFINITIONS = (
					"DEBUG=1",
					"$(inherited)",
				);
				INFOPLIST_FILE = TaitaTests/Info.plist;
				LD_RUNPATH_SEARCH_PATHS = "$(inherited) @executable_path/Frameworks @loader_path/Frameworks";
				PRODUCT_NAME = "$(TARGET_NAME)";
				TEST_HOST = "$(BUILT_PRODUCTS_DIR)/Taita.app/Taita";
			};
			name = Debug;
		};
		4DB0D9AC1AFC176600F6344D /* Release */ = {
			isa = XCBuildConfiguration;
			buildSettings = {
				BUNDLE_LOADER = "$(TEST_HOST)";
				FRAMEWORK_SEARCH_PATHS = (
					"$(SDKROOT)/Developer/Library/Frameworks",
					"$(inherited)",
				);
				INFOPLIST_FILE = TaitaTests/Info.plist;
				LD_RUNPATH_SEARCH_PATHS = "$(inherited) @executable_path/Frameworks @loader_path/Frameworks";
				PRODUCT_NAME = "$(TARGET_NAME)";
				TEST_HOST = "$(BUILT_PRODUCTS_DIR)/Taita.app/Taita";
			};
			name = Release;
		};
/* End XCBuildConfiguration section */

/* Begin XCConfigurationList section */
		4DB0D9831AFC176400F6344D /* Build configuration list for PBXProject "Taita" */ = {
			isa = XCConfigurationList;
			buildConfigurations = (
				4DB0D9A51AFC176600F6344D /* Debug */,
				4DB0D9A61AFC176600F6344D /* Release */,
			);
			defaultConfigurationIsVisible = 0;
			defaultConfigurationName = Release;
		};
		4DB0D9A71AFC176600F6344D /* Build configuration list for PBXNativeTarget "Taita" */ = {
			isa = XCConfigurationList;
			buildConfigurations = (
				4DB0D9A81AFC176600F6344D /* Debug */,
				4DB0D9A91AFC176600F6344D /* Release */,
			);
			defaultConfigurationIsVisible = 0;
		};
		4DB0D9AA1AFC176600F6344D /* Build configuration list for PBXNativeTarget "TaitaTests" */ = {
			isa = XCConfigurationList;
			buildConfigurations = (
				4DB0D9AB1AFC176600F6344D /* Debug */,
				4DB0D9AC1AFC176600F6344D /* Release */,
			);
			defaultConfigurationIsVisible = 0;
		};
/* End XCConfigurationList section */
	};
	rootObject = 4DB0D9801AFC176300F6344D /* Project object */;
}
